
Microsoft Visual Studio Solution File, Format Version 12.00
# Visual Studio 2013
VisualStudioVersion = 12.0.31101.0
MinimumVisualStudioVersion = 10.0.40219.1
Project("{FAE04EC0-301F-11D3-BF4B-00C04F79EFBC}") = "WinBioNET", "WinBioNET\WinBioNET.csproj", "{6D7EBD5F-56DA-4D8B-81C6-95C980F3D6F5}"
EndProject
Project("{2150E333-8FDC-42A3-9474-1A3956D46DE8}") = "Solution Items", "Solution Items", "{3C009ABF-7391-433D-AE46-4AE4DA3B8BD8}"
	ProjectSection(SolutionItems) = preProject
		ApiInformation.txt = ApiInformation.txt
	EndProjectSection
EndProject
Project("{FAE04EC0-301F-11D3-BF4B-00C04F79EFBC}") = "ConsoleTest", "ConsoleTest\ConsoleTest.csproj", "{039F7D3B-BD11-47B6-98CB-E7A6008FA47E}"
EndProject
Global
	GlobalSection(SolutionConfigurationPlatforms) = preSolution
		Debug|Any CPU = Debug|Any CPU
		Debug|Mixed Platforms = Debug|Mixed Platforms
		Debug|x86 = Debug|x86
		Release|Any CPU = Release|Any CPU
		Release|Mixed Platforms = Release|Mixed Platforms
		Release|x86 = Release|x86
	EndGlobalSection
	GlobalSection(ProjectConfigurationPlatforms) = postSolution
		{6D7EBD5F-56DA-4D8B-81C6-95C980F3D6F5}.Debug|Any CPU.ActiveCfg = Debug|x86
		{6D7EBD5F-56DA-4D8B-81C6-95C980F3D6F5}.Debug|Mixed Platforms.ActiveCfg = Debug|x86
		{6D7EBD5F-56DA-4D8B-81C6-95C980F3D6F5}.Debug|Mixed Platforms.Build.0 = Debug|x86
		{6D7EBD5F-56DA-4D8B-81C6-95C980F3D6F5}.Debug|x86.ActiveCfg = Debug|x86
		{6D7EBD5F-56DA-4D8B-81C6-95C980F3D6F5}.Debug|x86.Build.0 = Debug|x86
		{6D7EBD5F-56DA-4D8B-81C6-95C980F3D6F5}.Release|Any CPU.ActiveCfg = Release|x86
		{6D7EBD5F-56DA-4D8B-81C6-95C980F3D6F5}.Release|Mixed Platforms.ActiveCfg = Release|x86
		{6D7EBD5F-56DA-4D8B-81C6-95C980F3D6F5}.Release|Mixed Platforms.Build.0 = Release|x86
		{6D7EBD5F-56DA-4D8B-81C6-95C980F3D6F5}.Release|x86.ActiveCfg = Release|x86
		{6D7EBD5F-56DA-4D8B-81C6-95C980F3D6F5}.Release|x86.Build.0 = Release|x86
		{039F7D3B-BD11-47B6-98CB-E7A6008FA47E}.Debug|Any CPU.ActiveCfg = Debug|Any CPU
		{039F7D3B-BD11-47B6-98CB-E7A6008FA47E}.Debug|Any CPU.Build.0 = Debug|Any CPU
		{039F7D3B-BD11-47B6-98CB-E7A6008FA47E}.Debug|Mixed Platforms.ActiveCfg = Debug|Any CPU
		{039F7D3B-BD11-47B6-98CB-E7A6008FA47E}.Debug|Mixed Platforms.Build.0 = Debug|Any CPU
		{039F7D3B-BD11-47B6-98CB-E7A6008FA47E}.Debug|x86.ActiveCfg = Debug|Any CPU
		{039F7D3B-BD11-47B6-98CB-E7A6008FA47E}.Release|Any CPU.ActiveCfg = Release|Any CPU
		{039F7D3B-BD11-47B6-98CB-E7A6008FA47E}.Release|Any CPU.Build.0 = Release|Any CPU
		{039F7D3B-BD11-47B6-98CB-E7A6008FA47E}.Release|Mixed Platforms.ActiveCfg = Release|Any CPU
		{039F7D3B-BD11-47B6-98CB-E7A6008FA47E}.Release|Mixed Platforms.Build.0 = Release|Any CPU
		{039F7D3B-BD11-47B6-98CB-E7A6008FA47E}.Release|x86.ActiveCfg = Release|Any CPU
	EndGlobalSection
	GlobalSection(SolutionProperties) = preSolution
		HideSolutionNode = FALSE
	EndGlobalSection
EndGlobal
